
Microsoft Visual Studio Solution File, Format Version 12.00
# Visual Studio Version 17
VisualStudioVersion = 17.5.33516.290
MinimumVisualStudioVersion = 10.0.40219.1
Project("{9A19103F-16F7-4668-BE54-9A1E7A4F7556}") = "AnagramSolver.BusinessLogic", "AnagramSolver.BusinessLogic\AnagramSolver.BusinessLogic.csproj", "{D0324DF2-B098-4583-B591-3801C53CA5A4}"
EndProject
Project("{9A19103F-16F7-4668-BE54-9A1E7A4F7556}") = "AnagramSolver.Cli", "AnagramSolver.Cli\AnagramSolver.Cli.csproj", "{7719D0F5-16A4-4F40-AE78-D80BB5A54C4A}"
EndProject
Project("{9A19103F-16F7-4668-BE54-9A1E7A4F7556}") = "AnagramSolver.Contracts", "AnagramSolver.Contracts\AnagramSolver.Contracts.csproj", "{51D41534-35AE-4629-A28F-AF5F9608AD07}"
EndProject
Project("{9A19103F-16F7-4668-BE54-9A1E7A4F7556}") = "AnagramSolver.Tests", "AnagramSolver.Tests\AnagramSolver.Tests.csproj", "{98199F17-604E-49CE-A218-89E724EFC508}"
EndProject
Project("{9A19103F-16F7-4668-BE54-9A1E7A4F7556}") = "AnagramSolver.WebApp", "AnagramSolver.WebApp\AnagramSolver.WebApp.csproj", "{C8E8BB57-0FBB-4584-B582-859D50C0C5D1}"
EndProject
Project("{9A19103F-16F7-4668-BE54-9A1E7A4F7556}") = "AnagramSolver.DbSeeding", "AnagramSolver.DbSeeding\AnagramSolver.DbSeeding.csproj", "{DF769BA2-B9A7-44FF-B171-0CCB42691169}"
EndProject
Project("{9A19103F-16F7-4668-BE54-9A1E7A4F7556}") = "AnagramSolver.SqlActions", "AnagramSolver.DbActions\AnagramSolver.SqlActions.csproj", "{DD3973C1-7B0E-4525-A42B-6CFA2D971B5E}"
EndProject
Project("{9A19103F-16F7-4668-BE54-9A1E7A4F7556}") = "AnagramSolver.EF.DbFirst", "AnagramSolver.EF.DbFirst\AnagramSolver.EF.DbFirst.csproj", "{E81D2BE3-A5E0-4A91-9C35-DADB8066404C}"
EndProject
Global
	GlobalSection(SolutionConfigurationPlatforms) = preSolution
		Debug|Any CPU = Debug|Any CPU
		Release|Any CPU = Release|Any CPU
	EndGlobalSection
	GlobalSection(ProjectConfigurationPlatforms) = postSolution
		{D0324DF2-B098-4583-B591-3801C53CA5A4}.Debug|Any CPU.ActiveCfg = Debug|Any CPU
		{D0324DF2-B098-4583-B591-3801C53CA5A4}.Debug|Any CPU.Build.0 = Debug|Any CPU
		{D0324DF2-B098-4583-B591-3801C53CA5A4}.Release|Any CPU.ActiveCfg = Release|Any CPU
		{D0324DF2-B098-4583-B591-3801C53CA5A4}.Release|Any CPU.Build.0 = Release|Any CPU
		{7719D0F5-16A4-4F40-AE78-D80BB5A54C4A}.Debug|Any CPU.ActiveCfg = Debug|Any CPU
		{7719D0F5-16A4-4F40-AE78-D80BB5A54C4A}.Debug|Any CPU.Build.0 = Debug|Any CPU
		{7719D0F5-16A4-4F40-AE78-D80BB5A54C4A}.Release|Any CPU.ActiveCfg = Release|Any CPU
		{7719D0F5-16A4-4F40-AE78-D80BB5A54C4A}.Release|Any CPU.Build.0 = Release|Any CPU
		{51D41534-35AE-4629-A28F-AF5F9608AD07}.Debug|Any CPU.ActiveCfg = Debug|Any CPU
		{51D41534-35AE-4629-A28F-AF5F9608AD07}.Debug|Any CPU.Build.0 = Debug|Any CPU
		{51D41534-35AE-4629-A28F-AF5F9608AD07}.Release|Any CPU.ActiveCfg = Release|Any CPU
		{51D41534-35AE-4629-A28F-AF5F9608AD07}.Release|Any CPU.Build.0 = Release|Any CPU
		{98199F17-604E-49CE-A218-89E724EFC508}.Debug|Any CPU.ActiveCfg = Debug|Any CPU
		{98199F17-604E-49CE-A218-89E724EFC508}.Debug|Any CPU.Build.0 = Debug|Any CPU
		{98199F17-604E-49CE-A218-89E724EFC508}.Release|Any CPU.ActiveCfg = Release|Any CPU
		{98199F17-604E-49CE-A218-89E724EFC508}.Release|Any CPU.Build.0 = Release|Any CPU
		{C8E8BB57-0FBB-4584-B582-859D50C0C5D1}.Debug|Any CPU.ActiveCfg = Debug|Any CPU
		{C8E8BB57-0FBB-4584-B582-859D50C0C5D1}.Debug|Any CPU.Build.0 = Debug|Any CPU
		{C8E8BB57-0FBB-4584-B582-859D50C0C5D1}.Release|Any CPU.ActiveCfg = Release|Any CPU
		{C8E8BB57-0FBB-4584-B582-859D50C0C5D1}.Release|Any CPU.Build.0 = Release|Any CPU
		{DF769BA2-B9A7-44FF-B171-0CCB42691169}.Debug|Any CPU.ActiveCfg = Debug|Any CPU
		{DF769BA2-B9A7-44FF-B171-0CCB42691169}.Debug|Any CPU.Build.0 = Debug|Any CPU
		{DF769BA2-B9A7-44FF-B171-0CCB42691169}.Release|Any CPU.ActiveCfg = Release|Any CPU
		{DF769BA2-B9A7-44FF-B171-0CCB42691169}.Release|Any CPU.Build.0 = Release|Any CPU
		{DD3973C1-7B0E-4525-A42B-6CFA2D971B5E}.Debug|Any CPU.ActiveCfg = Debug|Any CPU
		{DD3973C1-7B0E-4525-A42B-6CFA2D971B5E}.Debug|Any CPU.Build.0 = Debug|Any CPU
		{DD3973C1-7B0E-4525-A42B-6CFA2D971B5E}.Release|Any CPU.ActiveCfg = Release|Any CPU
		{DD3973C1-7B0E-4525-A42B-6CFA2D971B5E}.Release|Any CPU.Build.0 = Release|Any CPU
		{E81D2BE3-A5E0-4A91-9C35-DADB8066404C}.Debug|Any CPU.ActiveCfg = Debug|Any CPU
		{E81D2BE3-A5E0-4A91-9C35-DADB8066404C}.Debug|Any CPU.Build.0 = Debug|Any CPU
		{E81D2BE3-A5E0-4A91-9C35-DADB8066404C}.Release|Any CPU.ActiveCfg = Release|Any CPU
		{E81D2BE3-A5E0-4A91-9C35-DADB8066404C}.Release|Any CPU.Build.0 = Release|Any CPU
	EndGlobalSection
	GlobalSection(SolutionProperties) = preSolution
		HideSolutionNode = FALSE
	EndGlobalSection
	GlobalSection(ExtensibilityGlobals) = postSolution
		SolutionGuid = {366B56A7-4A85-46E0-B21A-CEA34900E8CA}
	EndGlobalSection
EndGlobal
